// !$*UTF8*$!
{
	archiveVersion = 1;
	classes = {
	};
	objectVersion = 77;
	objects = {

/* Begin PBXContainerItemProxy section */
		37DDF94E2E1FA8FB008728D5 /* PBXContainerItemProxy */ = {
			isa = PBXContainerItemProxy;
			containerPortal = 37DDF9382E1FA8FA008728D5 /* Project object */;
			proxyType = 1;
			remoteGlobalIDString = 37DDF93F2E1FA8FA008728D5;
			remoteInfo = LottoTerminal;
		};
		37DDF9582E1FA8FB008728D5 /* PBXContainerItemProxy */ = {
			isa = PBXContainerItemProxy;
			containerPortal = 37DDF9382E1FA8FA008728D5 /* Project object */;
			proxyType = 1;
			remoteGlobalIDString = 37DDF93F2E1FA8FA008728D5;
			remoteInfo = LottoTerminal;
		};
/* End PBXContainerItemProxy section */

/* Begin PBXFileReference section */
		37DDF9402E1FA8FA008728D5 /* LottoTerminal.app */ = {isa = PBXFileReference; explicitFileType = wrapper.application; includeInIndex = 0; path = LottoTerminal.app; sourceTree = BUILT_PRODUCTS_DIR; };
		37DDF94D2E1FA8FB008728D5 /* LottoTerminalTests.xctest */ = {isa = PBXFileReference; explicitFileType = wrapper.cfbundle; includeInIndex = 0; path = LottoTerminalTests.xctest; sourceTree = BUILT_PRODUCTS_DIR; };
		37DDF9572E1FA8FB008728D5 /* LottoTerminalUITests.xctest */ = {isa = PBXFileReference; explicitFileType = wrapper.cfbundle; includeInIndex = 0; path = LottoTerminalUITests.xctest; sourceTree = BUILT_PRODUCTS_DIR; };
/* End PBXFileReference section */

/* Begin PBXFileSystemSynchronizedRootGroup section */
		37DDF9422E1FA8FA008728D5 /* LottoTerminal */ = {
			isa = PBXFileSystemSynchronizedRootGroup;
			path = LottoTerminal;
			sourceTree = "<group>";
		};
		37DDF9502E1FA8FB008728D5 /* LottoTerminalTests */ = {
			isa = PBXFileSystemSynchronizedRootGroup;
			path = LottoTerminalTests;
			sourceTree = "<group>";
		};
		37DDF95A2E1FA8FB008728D5 /* LottoTerminalUITests */ = {
			isa = PBXFileSystemSynchronizedRootGroup;
			path = LottoTerminalUITests;
			sourceTree = "<group>";
		};
/* End PBXFileSystemSynchronizedRootGroup section */

/* Begin PBXFrameworksBuildPhase section */
		37DDF93D2E1FA8FA008728D5 /* Frameworks */ = {
			isa = PBXFrameworksBuildPhase;
			buildActionMask = 2147483647;
			files = (
			);
			runOnlyForDeploymentPostprocessing = 0;
		};
		37DDF94A2E1FA8FB008728D5 /* Frameworks */ = {
			isa = PBXFrameworksBuildPhase;
			buildActionMask = 2147483647;
			files = (
			);
			runOnlyForDeploymentPostprocessing = 0;
		};
		37DDF9542E1FA8FB008728D5 /* Frameworks */ = {
			isa = PBXFrameworksBuildPhase;
			buildActionMask = 2147483647;
			files = (
			);
			runOnlyForDeploymentPostprocessing = 0;
		};
/* End PBXFrameworksBuildPhase section */

/* Begin PBXGroup section */
		37DDF9372E1FA8FA008728D5 = {
			isa = PBXGroup;
			children = (
				37DDF9422E1FA8FA008728D5 /* LottoTerminal */,
				37DDF9502E1FA8FB008728D5 /* LottoTerminalTests */,
				37DDF95A2E1FA8FB008728D5 /* LottoTerminalUITests */,
				37DDF9412E1FA8FA008728D5 /* Products */,
			);
			sourceTree = "<group>";
		};
		37DDF9412E1FA8FA008728D5 /* Products */ = {
			isa = PBXGroup;
			children = (
				37DDF9402E1FA8FA008728D5 /* LottoTerminal.app */,
				37DDF94D2E1FA8FB008728D5 /* LottoTerminalTests.xctest */,
				37DDF9572E1FA8FB008728D5 /* LottoTerminalUITests.xctest */,
			);
			name = Products;
			sourceTree = "<group>";
		};
/* End PBXGroup section */

/* Begin PBXNativeTarget section */
		37DDF93F2E1FA8FA008728D5 /* LottoTerminal */ = {
			isa = PBXNativeTarget;
			buildConfigurationList = 37DDF9612E1FA8FB008728D5 /* Build configuration list for PBXNativeTarget "LottoTerminal" */;
			buildPhases = (
				37DDF93C2E1FA8FA008728D5 /* Sources */,
				37DDF93D2E1FA8FA008728D5 /* Frameworks */,
				37DDF93E2E1FA8FA008728D5 /* Resources */,
			);
			buildRules = (
			);
			dependencies = (
			);
			fileSystemSynchronizedGroups = (
				37DDF9422E1FA8FA008728D5 /* LottoTerminal */,
			);
			name = LottoTerminal;
			packageProductDependencies = (
			);
			productName = LottoTerminal;
			productReference = 37DDF9402E1FA8FA008728D5 /* LottoTerminal.app */;
			productType = "com.apple.product-type.application";
		};
		37DDF94C2E1FA8FB008728D5 /* LottoTerminalTests */ = {
			isa = PBXNativeTarget;
			buildConfigurationList = 37DDF9642E1FA8FB008728D5 /* Build configuration list for PBXNativeTarget "LottoTerminalTests" */;
			buildPhases = (
				37DDF9492E1FA8FB008728D5 /* Sources */,
				37DDF94A2E1FA8FB008728D5 /* Frameworks */,
				37DDF94B2E1FA8FB008728D5 /* Resources */,
			);
			buildRules = (
			);
			dependencies = (
				37DDF94F2E1FA8FB008728D5 /* PBXTargetDependency */,
			);
			fileSystemSynchronizedGroups = (
				37DDF9502E1FA8FB008728D5 /* LottoTerminalTests */,
			);
			name = LottoTerminalTests;
			packageProductDependencies = (
			);
			productName = LottoTerminalTests;
			productReference = 37DDF94D2E1FA8FB008728D5 /* LottoTerminalTests.xctest */;
			productType = "com.apple.product-type.bundle.unit-test";
		};
		37DDF9562E1FA8FB008728D5 /* LottoTerminalUITests */ = {
			isa = PBXNativeTarget;
			buildConfigurationList = 37DDF9672E1FA8FB008728D5 /* Build configuration list for PBXNativeTarget "LottoTerminalUITests" */;
			buildPhases = (
				37DDF9532E1FA8FB008728D5 /* Sources */,
				37DDF9542E1FA8FB008728D5 /* Frameworks */,
				37DDF9552E1FA8FB008728D5 /* Resources */,
			);
			buildRules = (
			);
			dependencies = (
				37DDF9592E1FA8FB008728D5 /* PBXTargetDependency */,
			);
			fileSystemSynchronizedGroups = (
				37DDF95A2E1FA8FB008728D5 /* LottoTerminalUITests */,
			);
			name = LottoTerminalUITests;
			packageProductDependencies = (
			);
			productName = LottoTerminalUITests;
			productReference = 37DDF9572E1FA8FB008728D5 /* LottoTerminalUITests.xctest */;
			productType = "com.apple.product-type.bundle.ui-testing";
		};
/* End PBXNativeTarget section */

/* Begin PBXProject section */
		37DDF9382E1FA8FA008728D5 /* Project object */ = {
			isa = PBXProject;
			attributes = {
				BuildIndependentTargetsInParallel = 1;
				LastSwiftUpdateCheck = 1630;
				LastUpgradeCheck = 1630;
				TargetAttributes = {
					37DDF93F2E1FA8FA008728D5 = {
						CreatedOnToolsVersion = 16.3;
					};
					37DDF94C2E1FA8FB008728D5 = {
						CreatedOnToolsVersion = 16.3;
						TestTargetID = 37DDF93F2E1FA8FA008728D5;
					};
					37DDF9562E1FA8FB008728D5 = {
						CreatedOnToolsVersion = 16.3;
						TestTargetID = 37DDF93F2E1FA8FA008728D5;
					};
				};
			};
			buildConfigurationList = 37DDF93B2E1FA8FA008728D5 /* Build configuration list for PBXProject "LottoTerminal" */;
			developmentRegion = en;
			hasScannedForEncodings = 0;
			knownRegions = (
				en,
				Base,
			);
			mainGroup = 37DDF9372E1FA8FA008728D5;
			minimizedProjectReferenceProxies = 1;
			preferredProjectObjectVersion = 77;
			productRefGroup = 37DDF9412E1FA8FA008728D5 /* Products */;
			projectDirPath = "";
			projectRoot = "";
			targets = (
				37DDF93F2E1FA8FA008728D5 /* LottoTerminal */,
				37DDF94C2E1FA8FB008728D5 /* LottoTerminalTests */,
				37DDF9562E1FA8FB008728D5 /* LottoTerminalUITests */,
			);
		};
/* End PBXProject section */

/* Begin PBXResourcesBuildPhase section */
		37DDF93E2E1FA8FA008728D5 /* Resources */ = {
			isa = PBXResourcesBuildPhase;
			buildActionMask = 2147483647;
			files = (
			);
			runOnlyForDeploymentPostprocessing = 0;
		};
		37DDF94B2E1FA8FB008728D5 /* Resources */ = {
			isa = PBXResourcesBuildPhase;
			buildActionMask = 2147483647;
			files = (
			);
			runOnlyForDeploymentPostprocessing = 0;
		};
		37DDF9552E1FA8FB008728D5 /* Resources */ = {
			isa = PBXResourcesBuildPhase;
			buildActionMask = 2147483647;
			files = (
			);
			runOnlyForDeploymentPostprocessing = 0;
		};
/* End PBXResourcesBuildPhase section */

/* Begin PBXSourcesBuildPhase section */
		37DDF93C2E1FA8FA008728D5 /* Sources */ = {
			isa = PBXSourcesBuildPhase;
			buildActionMask = 2147483647;
			files = (
			);
			runOnlyForDeploymentPostprocessing = 0;
		};
		37DDF9492E1FA8FB008728D5 /* Sources */ = {
			isa = PBXSourcesBuildPhase;
			buildActionMask = 2147483647;
			files = (
			);
			runOnlyForDeploymentPostprocessing = 0;
		};
		37DDF9532E1FA8FB008728D5 /* Sources */ = {
			isa = PBXSourcesBuildPhase;
			buildActionMask = 2147483647;
			files = (
			);
			runOnlyForDeploymentPostprocessing = 0;
		};
/* End PBXSourcesBuildPhase section */

/* Begin PBXTargetDependency section */
		37DDF94F2E1FA8FB008728D5 /* PBXTargetDependency */ = {
			isa = PBXTargetDependency;
			target = 37DDF93F2E1FA8FA008728D5 /* LottoTerminal */;
			targetProxy = 37DDF94E2E1FA8FB008728D5 /* PBXContainerItemProxy */;
		};
		37DDF9592E1FA8FB008728D5 /* PBXTargetDependency */ = {
			isa = PBXTargetDependency;
			target = 37DDF93F2E1FA8FA008728D5 /* LottoTerminal */;
			targetProxy = 37DDF9582E1FA8FB008728D5 /* PBXContainerItemProxy */;
		};
/* End PBXTargetDependency section */

/* Begin XCBuildConfiguration section */
		37DDF95F2E1FA8FB008728D5 /* Debug */ = {
			isa = XCBuildConfiguration;
			buildSettings = {
				ALWAYS_SEARCH_USER_PATHS = NO;
				ASSETCATALOG_COMPILER_GENERATE_SWIFT_ASSET_SYMBOL_EXTENSIONS = YES;
				CLANG_ANALYZER_NONNULL = YES;
				CLANG_ANALYZER_NUMBER_OBJECT_CONVERSION = YES_AGGRESSIVE;
				CLANG_CXX_LANGUAGE_STANDARD = "gnu++20";
				CLANG_ENABLE_MODULES = YES;
				CLANG_ENABLE_OBJC_ARC = YES;
				CLANG_ENABLE_OBJC_WEAK = YES;
				CLANG_WARN_BLOCK_CAPTURE_AUTORELEASING = YES;
				CLANG_WARN_BOOL_CONVERSION = YES;
				CLANG_WARN_COMMA = YES;
				CLANG_WARN_CONSTANT_CONVERSION = YES;
				CLANG_WARN_DEPRECATED_OBJC_IMPLEMENTATIONS = YES;
				CLANG_WARN_DIRECT_OBJC_ISA_USAGE = YES_ERROR;
				CLANG_WARN_DOCUMENTATION_COMMENTS = YES;
				CLANG_WARN_EMPTY_BODY = YES;
				CLANG_WARN_ENUM_CONVERSION = YES;
				CLANG_WARN_INFINITE_RECURSION = YES;
				CLANG_WARN_INT_CONVERSION = YES;
				CLANG_WARN_NON_LITERAL_NULL_CONVERSION = YES;
				CLANG_WARN_OBJC_IMPLICIT_RETAIN_SELF = YES;
				CLANG_WARN_OBJC_LITERAL_CONVERSION = YES;
				CLANG_WARN_OBJC_ROOT_CLASS = YES_ERROR;
				CLANG_WARN_QUOTED_INCLUDE_IN_FRAMEWORK_HEADER = YES;
				CLANG_WARN_RANGE_LOOP_ANALYSIS = YES;
				CLANG_WARN_STRICT_PROTOTYPES = YES;
				CLANG_WARN_SUSPICIOUS_MOVE = YES;
				CLANG_WARN_UNGUARDED_AVAILABILITY = YES_AGGRESSIVE;
				CLANG_WARN_UNREACHABLE_CODE = YES;
				CLANG_WARN__DUPLICATE_METHOD_MATCH = YES;
				COPY_PHASE_STRIP = NO;
				DEBUG_INFORMATION_FORMAT = dwarf;
				DEVELOPMENT_TEAM = 58524JG7Q6;
				ENABLE_STRICT_OBJC_MSGSEND = YES;
				ENABLE_TESTABILITY = YES;
				ENABLE_USER_SCRIPT_SANDBOXING = YES;
				GCC_C_LANGUAGE_STANDARD = gnu17;
				GCC_DYNAMIC_NO_PIC = NO;
				GCC_NO_COMMON_BLOCKS = YES;
				GCC_OPTIMIZATION_LEVEL = 0;
				GCC_PREPROCESSOR_DEFINITIONS = (
					"DEBUG=1",
					"$(inherited)",
				);
				GCC_WARN_64_TO_32_BIT_CONVERSION = YES;
				GCC_WARN_ABOUT_RETURN_TYPE = YES_ERROR;
				GCC_WARN_UNDECLARED_SELECTOR = YES;
				GCC_WARN_UNINITIALIZED_AUTOS = YES_AGGRESSIVE;
				GCC_WARN_UNUSED_FUNCTION = YES;
				GCC_WARN_UNUSED_VARIABLE = YES;
				IPHONEOS_DEPLOYMENT_TARGET = 18.4;
				LOCALIZATION_PREFERS_STRING_CATALOGS = YES;
				MTL_ENABLE_DEBUG_INFO = INCLUDE_SOURCE;
				MTL_FAST_MATH = YES;
				ONLY_ACTIVE_ARCH = YES;
				SDKROOT = iphoneos;
				SWIFT_ACTIVE_COMPILATION_CONDITIONS = "DEBUG $(inherited)";
				SWIFT_OPTIMIZATION_LEVEL = "-Onone";
			};
			name = Debug;
		};
		37DDF9602E1FA8FB008728D5 /* Release */ = {
			isa = XCBuildConfiguration;
			buildSettings = {
				ALWAYS_SEARCH_USER_PATHS = NO;
				ASSETCATALOG_COMPILER_GENERATE_SWIFT_ASSET_SYMBOL_EXTENSIONS = YES;
				CLANG_ANALYZER_NONNULL = YES;
				CLANG_ANALYZER_NUMBER_OBJECT_CONVERSION = YES_AGGRESSIVE;
				CLANG_CXX_LANGUAGE_STANDARD = "gnu++20";
				CLANG_ENABLE_MODULES = YES;
				CLANG_ENABLE_OBJC_ARC = YES;
				CLANG_ENABLE_OBJC_WEAK = YES;
				CLANG_WARN_BLOCK_CAPTURE_AUTORELEASING = YES;
				CLANG_WARN_BOOL_CONVERSION = YES;
				CLANG_WARN_COMMA = YES;
				CLANG_WARN_CONSTANT_CONVERSION = YES;
				CLANG_WARN_DEPRECATED_OBJC_IMPLEMENTATIONS = YES;
				CLANG_WARN_DIRECT_OBJC_ISA_USAGE = YES_ERROR;
				CLANG_WARN_DOCUMENTATION_COMMENTS = YES;
				CLANG_WARN_EMPTY_BODY = YES;
				CLANG_WARN_ENUM_CONVERSION = YES;
				CLANG_WARN_INFINITE_RECURSION = YES;
				CLANG_WARN_INT_CONVERSION = YES;
				CLANG_WARN_NON_LITERAL_NULL_CONVERSION = YES;
				CLANG_WARN_OBJC_IMPLICIT_RETAIN_SELF = YES;
				CLANG_WARN_OBJC_LITERAL_CONVERSION = YES;
				CLANG_WARN_OBJC_ROOT_CLASS = YES_ERROR;
				CLANG_WARN_QUOTED_INCLUDE_IN_FRAMEWORK_HEADER = YES;
				CLANG_WARN_RANGE_LOOP_ANALYSIS = YES;
				CLANG_WARN_STRICT_PROTOTYPES = YES;
				CLANG_WARN_SUSPICIOUS_MOVE = YES;
				CLANG_WARN_UNGUARDED_AVAILABILITY = YES_AGGRESSIVE;
				CLANG_WARN_UNREACHABLE_CODE = YES;
				CLANG_WARN__DUPLICATE_METHOD_MATCH = YES;
				COPY_PHASE_STRIP = NO;
				DEBUG_INFORMATION_FORMAT = "dwarf-with-dsym";
				DEVELOPMENT_TEAM = 58524JG7Q6;
				ENABLE_NS_ASSERTIONS = NO;
				ENABLE_STRICT_OBJC_MSGSEND = YES;
				ENABLE_USER_SCRIPT_SANDBOXING = YES;
				GCC_C_LANGUAGE_STANDARD = gnu17;
				GCC_NO_COMMON_BLOCKS = YES;
				GCC_WARN_64_TO_32_BIT_CONVERSION = YES;
				GCC_WARN_ABOUT_RETURN_TYPE = YES_ERROR;
				GCC_WARN_UNDECLARED_SELECTOR = YES;
				GCC_WARN_UNINITIALIZED_AUTOS = YES_AGGRESSIVE;
				GCC_WARN_UNUSED_FUNCTION = YES;
				GCC_WARN_UNUSED_VARIABLE = YES;
				IPHONEOS_DEPLOYMENT_TARGET = 18.4;
				LOCALIZATION_PREFERS_STRING_CATALOGS = YES;
				MTL_ENABLE_DEBUG_INFO = NO;
				MTL_FAST_MATH = YES;
				SDKROOT = iphoneos;
				SWIFT_COMPILATION_MODE = wholemodule;
				VALIDATE_PRODUCT = YES;
			};
			name = Release;
		};
		37DDF9622E1FA8FB008728D5 /* Debug */ = {
			isa = XCBuildConfiguration;
			buildSettings = {
				ASSETCATALOG_COMPILER_APPICON_NAME = AppIcon;
				ASSETCATALOG_COMPILER_GLOBAL_ACCENT_COLOR_NAME = AccentColor;
				CODE_SIGN_STYLE = Automatic;
				CURRENT_PROJECT_VERSION = 1;
				DEVELOPMENT_TEAM = 58524JG7Q6;
				ENABLE_PREVIEWS = YES;
				GENERATE_INFOPLIST_FILE = YES;
				INFOPLIST_KEY_LSApplicationCategoryType = "public.app-category.utilities";
				INFOPLIST_KEY_NSCameraUsageDescription = "request camera privillege for reading QR Code";
				INFOPLIST_KEY_UIApplicationSceneManifest_Generation = YES;
				INFOPLIST_KEY_UIApplicationSupportsIndirectInputEvents = YES;
				INFOPLIST_KEY_UILaunchScreen_Generation = YES;
				INFOPLIST_KEY_UISupportedInterfaceOrientations = "UIInterfaceOrientationLandscapeLeft UIInterfaceOrientationLandscapeRight";
				IPHONEOS_DEPLOYMENT_TARGET = 17.6;
				LD_RUNPATH_SEARCH_PATHS = (
					"$(inherited)",
					"@executable_path/Frameworks",
				);
				MARKETING_VERSION = 1.0;
				PRODUCT_BUNDLE_IDENTIFIER = kr.sorakazae.LottoTerminal;
				PRODUCT_NAME = "$(TARGET_NAME)";
				SWIFT_EMIT_LOC_STRINGS = YES;
				SWIFT_VERSION = 5.0;
				TARGETED_DEVICE_FAMILY = "1,2";
			};
			name = Debug;
		};
		37DDF9632E1FA8FB008728D5 /* Release */ = {
			isa = XCBuildConfiguration;
			buildSettings = {
				ASSETCATALOG_COMPILER_APPICON_NAME = AppIcon;
				ASSETCATALOG_COMPILER_GLOBAL_ACCENT_COLOR_NAME = AccentColor;
				CODE_SIGN_STYLE = Automatic;
				CURRENT_PROJECT_VERSION = 1;
				DEVELOPMENT_TEAM = 58524JG7Q6;
				ENABLE_PREVIEWS = YES;
				GENERATE_INFOPLIST_FILE = YES;
				INFOPLIST_KEY_LSApplicationCategoryType = "public.app-category.utilities";
				INFOPLIST_KEY_NSCameraUsageDescription = "request camera privillege for reading QR Code";
				INFOPLIST_KEY_UIApplicationSceneManifest_Generation = YES;
				INFOPLIST_KEY_UIApplicationSupportsIndirectInputEvents = YES;
				INFOPLIST_KEY_UILaunchScreen_Generation = YES;
				INFOPLIST_KEY_UISupportedInterfaceOrientations = "UIInterfaceOrientationLandscapeLeft UIInterfaceOrientationLandscapeRight";
				IPHONEOS_DEPLOYMENT_TARGET = 17.6;
				LD_RUNPATH_SEARCH_PATHS = (
					"$(inherited)",
					"@executable_path/Frameworks",
				);
				MARKETING_VERSION = 1.0;
				PRODUCT_BUNDLE_IDENTIFIER = kr.sorakazae.LottoTerminal;
				PRODUCT_NAME = "$(TARGET_NAME)";
				SWIFT_EMIT_LOC_STRINGS = YES;
				SWIFT_VERSION = 5.0;
				TARGETED_DEVICE_FAMILY = "1,2";
			};
			name = Release;
		};
		37DDF9652E1FA8FB008728D5 /* Debug */ = {
			isa = XCBuildConfiguration;
			buildSettings = {
				BUNDLE_LOADER = "$(TEST_HOST)";
				CODE_SIGN_STYLE = Automatic;
				CURRENT_PROJECT_VERSION = 1;
				DEVELOPMENT_TEAM = 58524JG7Q6;
				GENERATE_INFOPLIST_FILE = YES;
				IPHONEOS_DEPLOYMENT_TARGET = 17.6;
				MARKETING_VERSION = 1.0;
				PRODUCT_BUNDLE_IDENTIFIER = kr.sorakazae.LottoTerminalTests;
				PRODUCT_NAME = "$(TARGET_NAME)";
				SWIFT_EMIT_LOC_STRINGS = NO;
				SWIFT_VERSION = 5.0;
				TARGETED_DEVICE_FAMILY = "1,2";
				TEST_HOST = "$(BUILT_PRODUCTS_DIR)/LottoTerminal.app/$(BUNDLE_EXECUTABLE_FOLDER_PATH)/LottoTerminal";
			};
			name = Debug;
		};
		37DDF9662E1FA8FB008728D5 /* Release */ = {
			isa = XCBuildConfiguration;
			buildSettings = {
				BUNDLE_LOADER = "$(TEST_HOST)";
				CODE_SIGN_STYLE = Automatic;
				CURRENT_PROJECT_VERSION = 1;
				DEVELOPMENT_TEAM = 58524JG7Q6;
				GENERATE_INFOPLIST_FILE = YES;
				IPHONEOS_DEPLOYMENT_TARGET = 17.6;
				MARKETING_VERSION = 1.0;
				PRODUCT_BUNDLE_IDENTIFIER = kr.sorakazae.LottoTerminalTests;
				PRODUCT_NAME = "$(TARGET_NAME)";
				SWIFT_EMIT_LOC_STRINGS = NO;
				SWIFT_VERSION = 5.0;
				TARGETED_DEVICE_FAMILY = "1,2";
				TEST_HOST = "$(BUILT_PRODUCTS_DIR)/LottoTerminal.app/$(BUNDLE_EXECUTABLE_FOLDER_PATH)/LottoTerminal";
			};
			name = Release;
		};
		37DDF9682E1FA8FB008728D5 /* Debug */ = {
			isa = XCBuildConfiguration;
			buildSettings = {
				CODE_SIGN_STYLE = Automatic;
				CURRENT_PROJECT_VERSION = 1;
				DEVELOPMENT_TEAM = 58524JG7Q6;
				GENERATE_INFOPLIST_FILE = YES;
				IPHONEOS_DEPLOYMENT_TARGET = 17.6;
				MARKETING_VERSION = 1.0;
				PRODUCT_BUNDLE_IDENTIFIER = kr.sorakazae.LottoTerminalUITests;
				PRODUCT_NAME = "$(TARGET_NAME)";
				SWIFT_EMIT_LOC_STRINGS = NO;
				SWIFT_VERSION = 5.0;
				TARGETED_DEVICE_FAMILY = "1,2";
				TEST_TARGET_NAME = LottoTerminal;
			};
			name = Debug;
		};
		37DDF9692E1FA8FB008728D5 /* Release */ = {
			isa = XCBuildConfiguration;
			buildSettings = {
				CODE_SIGN_STYLE = Automatic;
				CURRENT_PROJECT_VERSION = 1;
				DEVELOPMENT_TEAM = 58524JG7Q6;
				GENERATE_INFOPLIST_FILE = YES;
				IPHONEOS_DEPLOYMENT_TARGET = 17.6;
				MARKETING_VERSION = 1.0;
				PRODUCT_BUNDLE_IDENTIFIER = kr.sorakazae.LottoTerminalUITests;
				PRODUCT_NAME = "$(TARGET_NAME)";
				SWIFT_EMIT_LOC_STRINGS = NO;
				SWIFT_VERSION = 5.0;
				TARGETED_DEVICE_FAMILY = "1,2";
				TEST_TARGET_NAME = LottoTerminal;
			};
			name = Release;
		};
/* End XCBuildConfiguration section */

/* Begin XCConfigurationList section */
		37DDF93B2E1FA8FA008728D5 /* Build configuration list for PBXProject "LottoTerminal" */ = {
			isa = XCConfigurationList;
			buildConfigurations = (
				37DDF95F2E1FA8FB008728D5 /* Debug */,
				37DDF9602E1FA8FB008728D5 /* Release */,
			);
			defaultConfigurationIsVisible = 0;
			defaultConfigurationName = Release;
		};
		37DDF9612E1FA8FB008728D5 /* Build configuration list for PBXNativeTarget "LottoTerminal" */ = {
			isa = XCConfigurationList;
			buildConfigurations = (
				37DDF9622E1FA8FB008728D5 /* Debug */,
				37DDF9632E1FA8FB008728D5 /* Release */,
			);
			defaultConfigurationIsVisible = 0;
			defaultConfigurationName = Release;
		};
		37DDF9642E1FA8FB008728D5 /* Build configuration list for PBXNativeTarget "LottoTerminalTests" */ = {
			isa = XCConfigurationList;
			buildConfigurations = (
				37DDF9652E1FA8FB008728D5 /* Debug */,
				37DDF9662E1FA8FB008728D5 /* Release */,
			);
			defaultConfigurationIsVisible = 0;
			defaultConfigurationName = Release;
		};
		37DDF9672E1FA8FB008728D5 /* Build configuration list for PBXNativeTarget "LottoTerminalUITests" */ = {
			isa = XCConfigurationList;
			buildConfigurations = (
				37DDF9682E1FA8FB008728D5 /* Debug */,
				37DDF9692E1FA8FB008728D5 /* Release */,
			);
			defaultConfigurationIsVisible = 0;
			defaultConfigurationName = Release;
		};
/* End XCConfigurationList section */
	};
	rootObject = 37DDF9382E1FA8FA008728D5 /* Project object */;
}
